
Microsoft Visual Studio Solution File, Format Version 12.00
# Visual Studio Version 16
VisualStudioVersion = 16.0.29613.14
MinimumVisualStudioVersion = 10.0.40219.1
Project("{FAE04EC0-301F-11D3-BF4B-00C04F79EFBC}") = "GrpcServer", "GrpcServer\GrpcServer.csproj", "{62AE5344-18BB-4524-AA87-922E008B9297}"
EndProject
Project("{FAE04EC0-301F-11D3-BF4B-00C04F79EFBC}") = "GrpcClient", "GrpcClient\GrpcClient.csproj", "{CFCA3CE1-3629-4B59-B27B-D898C2EB719A}"
EndProject
Global
	GlobalSection(SolutionConfigurationPlatforms) = preSolution
		Debug|Any CPU = Debug|Any CPU
		Release|Any CPU = Release|Any CPU
	EndGlobalSection
	GlobalSection(ProjectConfigurationPlatforms) = postSolution
		{62AE5344-18BB-4524-AA87-922E008B9297}.Debug|Any CPU.ActiveCfg = Debug|Any CPU
		{62AE5344-18BB-4524-AA87-922E008B9297}.Debug|Any CPU.Build.0 = Debug|Any CPU
		{62AE5344-18BB-4524-AA87-922E008B9297}.Release|Any CPU.ActiveCfg = Release|Any CPU
		{62AE5344-18BB-4524-AA87-922E008B9297}.Release|Any CPU.Build.0 = Release|Any CPU
		{CFCA3CE1-3629-4B59-B27B-D898C2EB719A}.Debug|Any CPU.ActiveCfg = Debug|Any CPU
		{CFCA3CE1-3629-4B59-B27B-D898C2EB719A}.Debug|Any CPU.Build.0 = Debug|Any CPU
		{CFCA3CE1-3629-4B59-B27B-D898C2EB719A}.Release|Any CPU.ActiveCfg = Release|Any CPU
		{CFCA3CE1-3629-4B59-B27B-D898C2EB719A}.Release|Any CPU.Build.0 = Release|Any CPU
	EndGlobalSection
	GlobalSection(SolutionProperties) = preSolution
		HideSolutionNode = FALSE
	EndGlobalSection
	GlobalSection(ExtensibilityGlobals) = postSolution
		SolutionGuid = {1CE5BD80-C206-4A05-ABC2-3BC44F505762}
	EndGlobalSection
EndGlobal
